<?xml version="1.0" encoding="utf-8"?>
<Project ToolsVersion="4.0" xmlns="http://schemas.microsoft.com/developer/msbuild/2003">
  <ItemGroup>
    <Filter Include="소스 파일">
      <UniqueIdentifier>{4FC737F1-C7A5-4376-A066-2A32D752A2FF}</UniqueIdentifier>
      <Extensions>cpp;c;cc;cxx;c++;cppm;ixx;def;odl;idl;hpj;bat;asm;asmx</Extensions>
    </Filter>
    <Filter Include="헤더 파일">
      <UniqueIdentifier>{93995380-89BD-4b04-88EB-625FBE52EBFB}</UniqueIdentifier>
      <Extensions>h;hh;hpp;hxx;h++;hm;inl;inc;ipp;xsd</Extensions>
    </Filter>
    <Filter Include="리소스 파일">
      <UniqueIdentifier>{67DA6AB6-F800-4c08-8B7A-83BB121AAD01}</UniqueIdentifier>
      <Extensions>rc;ico;cur;bmp;dlg;rc2;rct;bin;rgs;gif;jpg;jpeg;jpe;resx;tiff;tif;png;wav;mfcribbon-ms</Extensions>
    </Filter>
  </ItemGroup>
  <ItemGroup>
    <ClInclude Include="MusicMaker.h">
      <Filter>헤더 파일</Filter>
    </ClInclude>
    <ClInclude Include="framework.h">
      <Filter>헤더 파일</Filter>
    </ClInclude>
    <ClInclude Include="targetver.h">
      <Filter>헤더 파일</Filter>
    </ClInclude>
    <ClInclude Include="MainFrm.h">
      <Filter>헤더 파일</Filter>
    </ClInclude>
    <ClInclude Include="MusicMakerDoc.h">
      <Filter>헤더 파일</Filter>
    </ClInclude>
    <ClInclude Include="MusicMakerView.h">
      <Filter>헤더 파일</Filter>
    </ClInclude>
    <ClInclude Include="Resource.h">
      <Filter>헤더 파일</Filter>
    </ClInclude>
    <ClInclude Include="pch.h">
      <Filter>헤더 파일</Filter>
    </ClInclude>
    <ClInclude Include="TiTleDlg.h">
      <Filter>헤더 파일</Filter>
    </ClInclude>
    <ClInclude Include="InsertNote.h">
      <Filter>헤더 파일</Filter>
    </ClInclude>
    <ClInclude Include="SingNote.h">
      <Filter>헤더 파일</Filter>
    </ClInclude>
    <ClInclude Include="SelectInstronument.h">
      <Filter>헤더 파일</Filter>
    </ClInclude>
    <ClInclude Include="Note.h">
      <Filter>헤더 파일</Filter>
    </ClInclude>
    <ClInclude Include="InsertRestDlg.h">
      <Filter>헤더 파일</Filter>
    </ClInclude>
    <ClInclude Include="SingRest.h">
      <Filter>헤더 파일</Filter>
    </ClInclude>
    <ClInclude Include="DeleteNoteDlg.h">
      <Filter>헤더 파일</Filter>
    </ClInclude>
    <ClInclude Include="InsertHarmonyDlg.h">
      <Filter>헤더 파일</Filter>
    </ClInclude>
    <ClInclude Include="SingHarmony.h">
      <Filter>헤더 파일</Filter>
    </ClInclude>
    <ClInclude Include="RecordMusic.h">
      <Filter>헤더 파일</Filter>
    </ClInclude>
  </ItemGroup>
  <ItemGroup>
    <ClCompile Include="MusicMaker.cpp">
      <Filter>소스 파일</Filter>
    </ClCompile>
    <ClCompile Include="MainFrm.cpp">
      <Filter>소스 파일</Filter>
    </ClCompile>
    <ClCompile Include="MusicMakerDoc.cpp">
      <Filter>소스 파일</Filter>
    </ClCompile>
    <ClCompile Include="MusicMakerView.cpp">
      <Filter>소스 파일</Filter>
    </ClCompile>
    <ClCompile Include="pch.cpp">
      <Filter>소스 파일</Filter>
    </ClCompile>
    <ClCompile Include="TiTleDlg.cpp">
      <Filter>소스 파일</Filter>
    </ClCompile>
    <ClCompile Include="InsertNote.cpp">
      <Filter>소스 파일</Filter>
    </ClCompile>
    <ClCompile Include="SingNote.cpp">
      <Filter>소스 파일</Filter>
    </ClCompile>
    <ClCompile Include="SelectInstronument.cpp">
      <Filter>소스 파일</Filter>
    </ClCompile>
    <ClCompile Include="Note.cpp">
      <Filter>소스 파일</Filter>
    </ClCompile>
    <ClCompile Include="InsertRestDlg.cpp">
      <Filter>소스 파일</Filter>
    </ClCompile>
    <ClCompile Include="SingRest.cpp">
      <Filter>소스 파일</Filter>
    </ClCompile>
    <ClCompile Include="DeleteNoteDlg.cpp">
      <Filter>소스 파일</Filter>
    </ClCompile>
    <ClCompile Include="InsertHarmonyDlg.cpp">
      <Filter>소스 파일</Filter>
    </ClCompile>
    <ClCompile Include="SingHarmony.cpp">
      <Filter>소스 파일</Filter>
    </ClCompile>
    <ClCompile Include="RecordMusic.cpp">
      <Filter>소스 파일</Filter>
    </ClCompile>
  </ItemGroup>
  <ItemGroup>
    <None Include="MusicMaker.reg" />
    <None Include="res\MusicMaker.rc2">
      <Filter>리소스 파일</Filter>
    </None>
  </ItemGroup>
  <ItemGroup>
    <ResourceCompile Include="MusicMaker.rc">
      <Filter>리소스 파일</Filter>
    </ResourceCompile>
  </ItemGroup>
  <ItemGroup>
    <Image Include="res\userimages.bmp">
      <Filter>리소스 파일</Filter>
    </Image>
    <Image Include="res\MusicMakerDoc.ico">
      <Filter>리소스 파일</Filter>
    </Image>
    <Image Include="res\MusicMaker.ico">
      <Filter>리소스 파일</Filter>
    </Image>
    <Image Include="res\Toolbar.bmp">
      <Filter>리소스 파일</Filter>
    </Image>
    <Image Include="res\Toolbar256.bmp">
      <Filter>리소스 파일</Filter>
    </Image>
    <Image Include="res\bitmap1.bmp">
      <Filter>리소스 파일</Filter>
    </Image>
    <Image Include="res\bitmap2.bmp">
      <Filter>리소스 파일</Filter>
    </Image>
    <Image Include="res\MusicNote.jpg">
      <Filter>리소스 파일</Filter>
    </Image>
  </ItemGroup>
</Project>